
Microsoft Visual Studio Solution File, Format Version 12.00
# Visual Studio Version 16
VisualStudioVersion = 16.0.31005.135
MinimumVisualStudioVersion = 10.0.40219.1
Project("{FAE04EC0-301F-11D3-BF4B-00C04F79EFBC}") = "lab 10", "lab 10.csproj", "{1156891B-2C40-4EB3-BBBF-73500ED70F1F}"
EndProject
Global
	GlobalSection(SolutionConfigurationPlatforms) = preSolution
		Debug|Any CPU = Debug|Any CPU
		Release|Any CPU = Release|Any CPU
	EndGlobalSection
	GlobalSection(ProjectConfigurationPlatforms) = postSolution
		{1156891B-2C40-4EB3-BBBF-73500ED70F1F}.Debug|Any CPU.ActiveCfg = Debug|Any CPU
		{1156891B-2C40-4EB3-BBBF-73500ED70F1F}.Debug|Any CPU.Build.0 = Debug|Any CPU
		{1156891B-2C40-4EB3-BBBF-73500ED70F1F}.Release|Any CPU.ActiveCfg = Release|Any CPU
		{1156891B-2C40-4EB3-BBBF-73500ED70F1F}.Release|Any CPU.Build.0 = Release|Any CPU
	EndGlobalSection
	GlobalSection(SolutionProperties) = preSolution
		HideSolutionNode = FALSE
	EndGlobalSection
	GlobalSection(ExtensibilityGlobals) = postSolution
		SolutionGuid = {28B9EF02-3E6B-4DA1-9FBA-7E6A2BA702E9}
	EndGlobalSection
EndGlobal
